// !$*UTF8*$!
{
	archiveVersion = 1;
	classes = {
	};
	objectVersion = 50;
	objects = {

/* Begin PBXBuildFile section */
		0EAD67700C8189AF70A79DBA /* Pods_NIITMobilityHackathon.framework in Frameworks */ = {isa = PBXBuildFile; fileRef = BAE41990FCCA3F7C2ECFF67A /* Pods_NIITMobilityHackathon.framework */; };
		B71AFC87212E69530070D20B /* FindRoutesViewController.swift in Sources */ = {isa = PBXBuildFile; fileRef = B71AFC86212E69530070D20B /* FindRoutesViewController.swift */; };
		B71AFC89212F29920070D20B /* MapViewController.swift in Sources */ = {isa = PBXBuildFile; fileRef = B71AFC88212F29920070D20B /* MapViewController.swift */; };
		B71AFC8B212FC4F70070D20B /* data.json in Resources */ = {isa = PBXBuildFile; fileRef = B71AFC8A212FC4F70070D20B /* data.json */; };
		B71AFC8F212FCDF00070D20B /* RoutesCellTableViewCell.swift in Sources */ = {isa = PBXBuildFile; fileRef = B71AFC8E212FCDF00070D20B /* RoutesCellTableViewCell.swift */; };
		B71AFC912130069F0070D20B /* RouteDetailsViewController.swift in Sources */ = {isa = PBXBuildFile; fileRef = B71AFC902130069F0070D20B /* RouteDetailsViewController.swift */; };
		B71AFC932131D7D50070D20B /* QRScannerController.swift in Sources */ = {isa = PBXBuildFile; fileRef = B71AFC922131D7D50070D20B /* QRScannerController.swift */; };
		B766E1542133F2E4002C5362 /* PaymentViewController.swift in Sources */ = {isa = PBXBuildFile; fileRef = B766E1532133F2E4002C5362 /* PaymentViewController.swift */; };
		B766E15621340257002C5362 /* StartJourneyViewController.swift in Sources */ = {isa = PBXBuildFile; fileRef = B766E15521340257002C5362 /* StartJourneyViewController.swift */; };
		B7F44E3A212DD5A300B90F03 /* AppDelegate.swift in Sources */ = {isa = PBXBuildFile; fileRef = B7F44E39212DD5A300B90F03 /* AppDelegate.swift */; };
		B7F44E3C212DD5A300B90F03 /* ViewController.swift in Sources */ = {isa = PBXBuildFile; fileRef = B7F44E3B212DD5A300B90F03 /* ViewController.swift */; };
		B7F44E3F212DD5A300B90F03 /* Main.storyboard in Resources */ = {isa = PBXBuildFile; fileRef = B7F44E3D212DD5A300B90F03 /* Main.storyboard */; };
		B7F44E41212DD5A500B90F03 /* Assets.xcassets in Resources */ = {isa = PBXBuildFile; fileRef = B7F44E40212DD5A500B90F03 /* Assets.xcassets */; };
		B7F44E44212DD5A500B90F03 /* LaunchScreen.storyboard in Resources */ = {isa = PBXBuildFile; fileRef = B7F44E42212DD5A500B90F03 /* LaunchScreen.storyboard */; };
/* End PBXBuildFile section */

/* Begin PBXFileReference section */
		48168E399574742749407898 /* Pods-NIITMobilityHackathon.debug.xcconfig */ = {isa = PBXFileReference; includeInIndex = 1; lastKnownFileType = text.xcconfig; name = "Pods-NIITMobilityHackathon.debug.xcconfig"; path = "Pods/Target Support Files/Pods-NIITMobilityHackathon/Pods-NIITMobilityHackathon.debug.xcconfig"; sourceTree = "<group>"; };
		B71AFC86212E69530070D20B /* FindRoutesViewController.swift */ = {isa = PBXFileReference; lastKnownFileType = sourcecode.swift; path = FindRoutesViewController.swift; sourceTree = "<group>"; };
		B71AFC88212F29920070D20B /* MapViewController.swift */ = {isa = PBXFileReference; lastKnownFileType = sourcecode.swift; path = MapViewController.swift; sourceTree = "<group>"; };
		B71AFC8A212FC4F70070D20B /* data.json */ = {isa = PBXFileReference; fileEncoding = 4; lastKnownFileType = text.json; path = data.json; sourceTree = "<group>"; };
		B71AFC8E212FCDF00070D20B /* RoutesCellTableViewCell.swift */ = {isa = PBXFileReference; lastKnownFileType = sourcecode.swift; path = RoutesCellTableViewCell.swift; sourceTree = "<group>"; };
		B71AFC902130069F0070D20B /* RouteDetailsViewController.swift */ = {isa = PBXFileReference; lastKnownFileType = sourcecode.swift; path = RouteDetailsViewController.swift; sourceTree = "<group>"; };
		B71AFC922131D7D50070D20B /* QRScannerController.swift */ = {isa = PBXFileReference; fileEncoding = 4; lastKnownFileType = sourcecode.swift; path = QRScannerController.swift; sourceTree = "<group>"; };
		B766E1532133F2E4002C5362 /* PaymentViewController.swift */ = {isa = PBXFileReference; lastKnownFileType = sourcecode.swift; path = PaymentViewController.swift; sourceTree = "<group>"; };
		B766E15521340257002C5362 /* StartJourneyViewController.swift */ = {isa = PBXFileReference; lastKnownFileType = sourcecode.swift; path = StartJourneyViewController.swift; sourceTree = "<group>"; };
		B7F44E36212DD5A300B90F03 /* NIITMobilityHackathon.app */ = {isa = PBXFileReference; explicitFileType = wrapper.application; includeInIndex = 0; path = NIITMobilityHackathon.app; sourceTree = BUILT_PRODUCTS_DIR; };
		B7F44E39212DD5A300B90F03 /* AppDelegate.swift */ = {isa = PBXFileReference; lastKnownFileType = sourcecode.swift; path = AppDelegate.swift; sourceTree = "<group>"; };
		B7F44E3B212DD5A300B90F03 /* ViewController.swift */ = {isa = PBXFileReference; lastKnownFileType = sourcecode.swift; path = ViewController.swift; sourceTree = "<group>"; };
		B7F44E3E212DD5A300B90F03 /* Base */ = {isa = PBXFileReference; lastKnownFileType = file.storyboard; name = Base; path = Base.lproj/Main.storyboard; sourceTree = "<group>"; };
		B7F44E40212DD5A500B90F03 /* Assets.xcassets */ = {isa = PBXFileReference; lastKnownFileType = folder.assetcatalog; path = Assets.xcassets; sourceTree = "<group>"; };
		B7F44E43212DD5A500B90F03 /* Base */ = {isa = PBXFileReference; lastKnownFileType = file.storyboard; name = Base; path = Base.lproj/LaunchScreen.storyboard; sourceTree = "<group>"; };
		B7F44E45212DD5A500B90F03 /* Info.plist */ = {isa = PBXFileReference; lastKnownFileType = text.plist.xml; path = Info.plist; sourceTree = "<group>"; };
		BAE41990FCCA3F7C2ECFF67A /* Pods_NIITMobilityHackathon.framework */ = {isa = PBXFileReference; explicitFileType = wrapper.framework; includeInIndex = 0; path = Pods_NIITMobilityHackathon.framework; sourceTree = BUILT_PRODUCTS_DIR; };
		D425CAE8CD72F9446C16C20D /* Pods-NIITMobilityHackathon.release.xcconfig */ = {isa = PBXFileReference; includeInIndex = 1; lastKnownFileType = text.xcconfig; name = "Pods-NIITMobilityHackathon.release.xcconfig"; path = "Pods/Target Support Files/Pods-NIITMobilityHackathon/Pods-NIITMobilityHackathon.release.xcconfig"; sourceTree = "<group>"; };
/* End PBXFileReference section */

/* Begin PBXFrameworksBuildPhase section */
		B7F44E33212DD5A300B90F03 /* Frameworks */ = {
			isa = PBXFrameworksBuildPhase;
			buildActionMask = 2147483647;
			files = (
				0EAD67700C8189AF70A79DBA /* Pods_NIITMobilityHackathon.framework in Frameworks */,
			);
			runOnlyForDeploymentPostprocessing = 0;
		};
/* End PBXFrameworksBuildPhase section */

/* Begin PBXGroup section */
		315DC50352CF37E2CDD2EB80 /* Frameworks */ = {
			isa = PBXGroup;
			children = (
				BAE41990FCCA3F7C2ECFF67A /* Pods_NIITMobilityHackathon.framework */,
			);
			name = Frameworks;
			sourceTree = "<group>";
		};
		3DA7581075E8BF9DBFF9164F /* Pods */ = {
			isa = PBXGroup;
			children = (
				48168E399574742749407898 /* Pods-NIITMobilityHackathon.debug.xcconfig */,
				D425CAE8CD72F9446C16C20D /* Pods-NIITMobilityHackathon.release.xcconfig */,
			);
			name = Pods;
			sourceTree = "<group>";
		};
		B7F44E2D212DD5A300B90F03 = {
			isa = PBXGroup;
			children = (
				B7F44E38212DD5A300B90F03 /* NIITMobilityHackathon */,
				B7F44E37212DD5A300B90F03 /* Products */,
				3DA7581075E8BF9DBFF9164F /* Pods */,
				315DC50352CF37E2CDD2EB80 /* Frameworks */,
			);
			sourceTree = "<group>";
		};
		B7F44E37212DD5A300B90F03 /* Products */ = {
			isa = PBXGroup;
			children = (
				B7F44E36212DD5A300B90F03 /* NIITMobilityHackathon.app */,
			);
			name = Products;
			sourceTree = "<group>";
		};
		B7F44E38212DD5A300B90F03 /* NIITMobilityHackathon */ = {
			isa = PBXGroup;
			children = (
				B7F44E39212DD5A300B90F03 /* AppDelegate.swift */,
				B7F44E3B212DD5A300B90F03 /* ViewController.swift */,
				B71AFC86212E69530070D20B /* FindRoutesViewController.swift */,
				B71AFC902130069F0070D20B /* RouteDetailsViewController.swift */,
				B71AFC88212F29920070D20B /* MapViewController.swift */,
				B71AFC922131D7D50070D20B /* QRScannerController.swift */,
				B7F44E3D212DD5A300B90F03 /* Main.storyboard */,
				B7F44E40212DD5A500B90F03 /* Assets.xcassets */,
				B7F44E42212DD5A500B90F03 /* LaunchScreen.storyboard */,
				B71AFC8A212FC4F70070D20B /* data.json */,
				B7F44E45212DD5A500B90F03 /* Info.plist */,
				B71AFC8E212FCDF00070D20B /* RoutesCellTableViewCell.swift */,
				B766E1532133F2E4002C5362 /* PaymentViewController.swift */,
				B766E15521340257002C5362 /* StartJourneyViewController.swift */,
			);
			path = NIITMobilityHackathon;
			sourceTree = "<group>";
		};
/* End PBXGroup section */

/* Begin PBXNativeTarget section */
		B7F44E35212DD5A300B90F03 /* NIITMobilityHackathon */ = {
			isa = PBXNativeTarget;
			buildConfigurationList = B7F44E48212DD5A500B90F03 /* Build configuration list for PBXNativeTarget "NIITMobilityHackathon" */;
			buildPhases = (
				E40EF04D42B8C41C1193F1BA /* [CP] Check Pods Manifest.lock */,
				B7F44E32212DD5A300B90F03 /* Sources */,
				B7F44E33212DD5A300B90F03 /* Frameworks */,
				B7F44E34212DD5A300B90F03 /* Resources */,
				68F901CDAEC0D1E345056D8C /* [CP] Copy Pods Resources */,
			);
			buildRules = (
			);
			dependencies = (
			);
			name = NIITMobilityHackathon;
			productName = NIITMobilityHackathon;
			productReference = B7F44E36212DD5A300B90F03 /* NIITMobilityHackathon.app */;
			productType = "com.apple.product-type.application";
		};
/* End PBXNativeTarget section */

/* Begin PBXProject section */
		B7F44E2E212DD5A300B90F03 /* Project object */ = {
			isa = PBXProject;
			attributes = {
				LastSwiftUpdateCheck = 0940;
				LastUpgradeCheck = 0940;
				ORGANIZATIONNAME = Rahul;
				TargetAttributes = {
					B7F44E35212DD5A300B90F03 = {
						CreatedOnToolsVersion = 9.4.1;
					};
				};
			};
			buildConfigurationList = B7F44E31212DD5A300B90F03 /* Build configuration list for PBXProject "NIITMobilityHackathon" */;
			compatibilityVersion = "Xcode 9.3";
			developmentRegion = en;
			hasScannedForEncodings = 0;
			knownRegions = (
				en,
				Base,
			);
			mainGroup = B7F44E2D212DD5A300B90F03;
			productRefGroup = B7F44E37212DD5A300B90F03 /* Products */;
			projectDirPath = "";
			projectRoot = "";
			targets = (
				B7F44E35212DD5A300B90F03 /* NIITMobilityHackathon */,
			);
		};
/* End PBXProject section */

/* Begin PBXResourcesBuildPhase section */
		B7F44E34212DD5A300B90F03 /* Resources */ = {
			isa = PBXResourcesBuildPhase;
			buildActionMask = 2147483647;
			files = (
				B7F44E44212DD5A500B90F03 /* LaunchScreen.storyboard in Resources */,
				B7F44E41212DD5A500B90F03 /* Assets.xcassets in Resources */,
				B7F44E3F212DD5A300B90F03 /* Main.storyboard in Resources */,
				B71AFC8B212FC4F70070D20B /* data.json in Resources */,
			);
			runOnlyForDeploymentPostprocessing = 0;
		};
/* End PBXResourcesBuildPhase section */

/* Begin PBXShellScriptBuildPhase section */
		68F901CDAEC0D1E345056D8C /* [CP] Copy Pods Resources */ = {
			isa = PBXShellScriptBuildPhase;
			buildActionMask = 2147483647;
			files = (
			);
			inputPaths = (
				"${SRCROOT}/Pods/Target Support Files/Pods-NIITMobilityHackathon/Pods-NIITMobilityHackathon-resources.sh",
				"${PODS_ROOT}/GoogleMaps/Maps/Frameworks/GoogleMaps.framework/Resources/GoogleMaps.bundle",
				"${PODS_ROOT}/GooglePlaces/Frameworks/GooglePlaces.framework/Resources/GooglePlaces.bundle",
			);
			name = "[CP] Copy Pods Resources";
			outputPaths = (
				"${TARGET_BUILD_DIR}/${UNLOCALIZED_RESOURCES_FOLDER_PATH}/GoogleMaps.bundle",
				"${TARGET_BUILD_DIR}/${UNLOCALIZED_RESOURCES_FOLDER_PATH}/GooglePlaces.bundle",
			);
			runOnlyForDeploymentPostprocessing = 0;
			shellPath = /bin/sh;
			shellScript = "\"${SRCROOT}/Pods/Target Support Files/Pods-NIITMobilityHackathon/Pods-NIITMobilityHackathon-resources.sh\"\n";
			showEnvVarsInLog = 0;
		};
		E40EF04D42B8C41C1193F1BA /* [CP] Check Pods Manifest.lock */ = {
			isa = PBXShellScriptBuildPhase;
			buildActionMask = 2147483647;
			files = (
			);
			inputPaths = (
				"${PODS_PODFILE_DIR_PATH}/Podfile.lock",
				"${PODS_ROOT}/Manifest.lock",
			);
			name = "[CP] Check Pods Manifest.lock";
			outputPaths = (
				"$(DERIVED_FILE_DIR)/Pods-NIITMobilityHackathon-checkManifestLockResult.txt",
			);
			runOnlyForDeploymentPostprocessing = 0;
			shellPath = /bin/sh;
			shellScript = "diff \"${PODS_PODFILE_DIR_PATH}/Podfile.lock\" \"${PODS_ROOT}/Manifest.lock\" > /dev/null\nif [ $? != 0 ] ; then\n    # print error to STDERR\n    echo \"error: The sandbox is not in sync with the Podfile.lock. Run 'pod install' or update your CocoaPods installation.\" >&2\n    exit 1\nfi\n# This output is used by Xcode 'outputs' to avoid re-running this script phase.\necho \"SUCCESS\" > \"${SCRIPT_OUTPUT_FILE_0}\"\n";
			showEnvVarsInLog = 0;
		};
/* End PBXShellScriptBuildPhase section */

/* Begin PBXSourcesBuildPhase section */
		B7F44E32212DD5A300B90F03 /* Sources */ = {
			isa = PBXSourcesBuildPhase;
			buildActionMask = 2147483647;
			files = (
				B7F44E3C212DD5A300B90F03 /* ViewController.swift in Sources */,
				B766E15621340257002C5362 /* StartJourneyViewController.swift in Sources */,
				B71AFC87212E69530070D20B /* FindRoutesViewController.swift in Sources */,
				B71AFC912130069F0070D20B /* RouteDetailsViewController.swift in Sources */,
				B766E1542133F2E4002C5362 /* PaymentViewController.swift in Sources */,
				B71AFC932131D7D50070D20B /* QRScannerController.swift in Sources */,
				B7F44E3A212DD5A300B90F03 /* AppDelegate.swift in Sources */,
				B71AFC8F212FCDF00070D20B /* RoutesCellTableViewCell.swift in Sources */,
				B71AFC89212F29920070D20B /* MapViewController.swift in Sources */,
			);
			runOnlyForDeploymentPostprocessing = 0;
		};
/* End PBXSourcesBuildPhase section */

/* Begin PBXVariantGroup section */
		B7F44E3D212DD5A300B90F03 /* Main.storyboard */ = {
			isa = PBXVariantGroup;
			children = (
				B7F44E3E212DD5A300B90F03 /* Base */,
			);
			name = Main.storyboard;
			sourceTree = "<group>";
		};
		B7F44E42212DD5A500B90F03 /* LaunchScreen.storyboard */ = {
			isa = PBXVariantGroup;
			children = (
				B7F44E43212DD5A500B90F03 /* Base */,
			);
			name = LaunchScreen.storyboard;
			sourceTree = "<group>";
		};
/* End PBXVariantGroup section */

/* Begin XCBuildConfiguration section */
		B7F44E46212DD5A500B90F03 /* Debug */ = {
			isa = XCBuildConfiguration;
			buildSettings = {
				ALWAYS_SEARCH_USER_PATHS = NO;
				CLANG_ANALYZER_NONNULL = YES;
				CLANG_ANALYZER_NUMBER_OBJECT_CONVERSION = YES_AGGRESSIVE;
				CLANG_CXX_LANGUAGE_STANDARD = "gnu++14";
				CLANG_CXX_LIBRARY = "libc++";
				CLANG_ENABLE_MODULES = YES;
				CLANG_ENABLE_OBJC_ARC = YES;
				CLANG_ENABLE_OBJC_WEAK = YES;
				CLANG_WARN_BLOCK_CAPTURE_AUTORELEASING = YES;
				CLANG_WARN_BOOL_CONVERSION = YES;
				CLANG_WARN_COMMA = YES;
				CLANG_WARN_CONSTANT_CONVERSION = YES;
				CLANG_WARN_DEPRECATED_OBJC_IMPLEMENTATIONS = YES;
				CLANG_WARN_DIRECT_OBJC_ISA_USAGE = YES_ERROR;
				CLANG_WARN_DOCUMENTATION_COMMENTS = YES;
				CLANG_WARN_EMPTY_BODY = YES;
				CLANG_WARN_ENUM_CONVERSION = YES;
				CLANG_WARN_INFINITE_RECURSION = YES;
				CLANG_WARN_INT_CONVERSION = YES;
				CLANG_WARN_NON_LITERAL_NULL_CONVERSION = YES;
				CLANG_WARN_OBJC_IMPLICIT_RETAIN_SELF = YES;
				CLANG_WARN_OBJC_LITERAL_CONVERSION = YES;
				CLANG_WARN_OBJC_ROOT_CLASS = YES_ERROR;
				CLANG_WARN_RANGE_LOOP_ANALYSIS = YES;
				CLANG_WARN_STRICT_PROTOTYPES = YES;
				CLANG_WARN_SUSPICIOUS_MOVE = YES;
				CLANG_WARN_UNGUARDED_AVAILABILITY = YES_AGGRESSIVE;
				CLANG_WARN_UNREACHABLE_CODE = YES;
				CLANG_WARN__DUPLICATE_METHOD_MATCH = YES;
				CODE_SIGN_IDENTITY = "iPhone Distribution: NIIT Technologies Inc";
				COPY_PHASE_STRIP = NO;
				DEBUG_INFORMATION_FORMAT = dwarf;
				ENABLE_STRICT_OBJC_MSGSEND = YES;
				ENABLE_TESTABILITY = YES;
				GCC_C_LANGUAGE_STANDARD = gnu11;
				GCC_DYNAMIC_NO_PIC = NO;
				GCC_NO_COMMON_BLOCKS = YES;
				GCC_OPTIMIZATION_LEVEL = 0;
				GCC_PREPROCESSOR_DEFINITIONS = (
					"DEBUG=1",
					"$(inherited)",
				);
				GCC_WARN_64_TO_32_BIT_CONVERSION = YES;
				GCC_WARN_ABOUT_RETURN_TYPE = YES_ERROR;
				GCC_WARN_UNDECLARED_SELECTOR = YES;
				GCC_WARN_UNINITIALIZED_AUTOS = YES_AGGRESSIVE;
				GCC_WARN_UNUSED_FUNCTION = YES;
				GCC_WARN_UNUSED_VARIABLE = YES;
				IPHONEOS_DEPLOYMENT_TARGET = 11.4;
				MTL_ENABLE_DEBUG_INFO = YES;
				ONLY_ACTIVE_ARCH = YES;
				SDKROOT = iphoneos;
				SWIFT_ACTIVE_COMPILATION_CONDITIONS = DEBUG;
				SWIFT_OPTIMIZATION_LEVEL = "-Onone";
			};
			name = Debug;
		};
		B7F44E47212DD5A500B90F03 /* Release */ = {
			isa = XCBuildConfiguration;
			buildSettings = {
				ALWAYS_SEARCH_USER_PATHS = NO;
				CLANG_ANALYZER_NONNULL = YES;
				CLANG_ANALYZER_NUMBER_OBJECT_CONVERSION = YES_AGGRESSIVE;
				CLANG_CXX_LANGUAGE_STANDARD = "gnu++14";
				CLANG_CXX_LIBRARY = "libc++";
				CLANG_ENABLE_MODULES = YES;
				CLANG_ENABLE_OBJC_ARC = YES;
				CLANG_ENABLE_OBJC_WEAK = YES;
				CLANG_WARN_BLOCK_CAPTURE_AUTORELEASING = YES;
				CLANG_WARN_BOOL_CONVERSION = YES;
				CLANG_WARN_COMMA = YES;
				CLANG_WARN_CONSTANT_CONVERSION = YES;
				CLANG_WARN_DEPRECATED_OBJC_IMPLEMENTATIONS = YES;
				CLANG_WARN_DIRECT_OBJC_ISA_USAGE = YES_ERROR;
				CLANG_WARN_DOCUMENTATION_COMMENTS = YES;
				CLANG_WARN_EMPTY_BODY = YES;
				CLANG_WARN_ENUM_CONVERSION = YES;
				CLANG_WARN_INFINITE_RECURSION = YES;
				CLANG_WARN_INT_CONVERSION = YES;
				CLANG_WARN_NON_LITERAL_NULL_CONVERSION = YES;
				CLANG_WARN_OBJC_IMPLICIT_RETAIN_SELF = YES;
				CLANG_WARN_OBJC_LITERAL_CONVERSION = YES;
				CLANG_WARN_OBJC_ROOT_CLASS = YES_ERROR;
				CLANG_WARN_RANGE_LOOP_ANALYSIS = YES;
				CLANG_WARN_STRICT_PROTOTYPES = YES;
				CLANG_WARN_SUSPICIOUS_MOVE = YES;
				CLANG_WARN_UNGUARDED_AVAILABILITY = YES_AGGRESSIVE;
				CLANG_WARN_UNREACHABLE_CODE = YES;
				CLANG_WARN__DUPLICATE_METHOD_MATCH = YES;
				CODE_SIGN_IDENTITY = "iPhone Distribution: NIIT Technologies Inc";
				COPY_PHASE_STRIP = NO;
				DEBUG_INFORMATION_FORMAT = "dwarf-with-dsym";
				ENABLE_NS_ASSERTIONS = NO;
				ENABLE_STRICT_OBJC_MSGSEND = YES;
				GCC_C_LANGUAGE_STANDARD = gnu11;
				GCC_NO_COMMON_BLOCKS = YES;
				GCC_WARN_64_TO_32_BIT_CONVERSION = YES;
				GCC_WARN_ABOUT_RETURN_TYPE = YES_ERROR;
				GCC_WARN_UNDECLARED_SELECTOR = YES;
				GCC_WARN_UNINITIALIZED_AUTOS = YES_AGGRESSIVE;
				GCC_WARN_UNUSED_FUNCTION = YES;
				GCC_WARN_UNUSED_VARIABLE = YES;
				IPHONEOS_DEPLOYMENT_TARGET = 11.4;
				MTL_ENABLE_DEBUG_INFO = NO;
				SDKROOT = iphoneos;
				SWIFT_COMPILATION_MODE = wholemodule;
				SWIFT_OPTIMIZATION_LEVEL = "-O";
				VALIDATE_PRODUCT = YES;
			};
			name = Release;
		};
		B7F44E49212DD5A500B90F03 /* Debug */ = {
			isa = XCBuildConfiguration;
			baseConfigurationReference = 48168E399574742749407898 /* Pods-NIITMobilityHackathon.debug.xcconfig */;
			buildSettings = {
				ASSETCATALOG_COMPILER_APPICON_NAME = AppIcon;
				CODE_SIGN_IDENTITY = "iPhone Distribution: NIIT Technologies Inc";
				CODE_SIGN_STYLE = Manual;
				DEVELOPMENT_TEAM = A58TWJS5Q5;
				INFOPLIST_FILE = NIITMobilityHackathon/Info.plist;
				LD_RUNPATH_SEARCH_PATHS = (
					"$(inherited)",
					"@executable_path/Frameworks",
				);
				PRODUCT_BUNDLE_IDENTIFIER = "com.niit-tech.demo.MobilityHackathon";
				PRODUCT_NAME = "$(TARGET_NAME)";
				PROVISIONING_PROFILE = "1bb9be69-8d06-44cc-92f2-062167f13352";
				PROVISIONING_PROFILE_SPECIFIER = NIITCoCDistribution;
				SWIFT_VERSION = 4.0;
				TARGETED_DEVICE_FAMILY = "1,2";
			};
			name = Debug;
		};
		B7F44E4A212DD5A500B90F03 /* Release */ = {
			isa = XCBuildConfiguration;
			baseConfigurationReference = D425CAE8CD72F9446C16C20D /* Pods-NIITMobilityHackathon.release.xcconfig */;
			buildSettings = {
				ASSETCATALOG_COMPILER_APPICON_NAME = AppIcon;
				CODE_SIGN_IDENTITY = "iPhone Distribution: NIIT Technologies Inc";
				CODE_SIGN_STYLE = Manual;
				DEVELOPMENT_TEAM = A58TWJS5Q5;
				INFOPLIST_FILE = NIITMobilityHackathon/Info.plist;
				LD_RUNPATH_SEARCH_PATHS = (
					"$(inherited)",
					"@executable_path/Frameworks",
				);
				PRODUCT_BUNDLE_IDENTIFIER = "com.niit-tech.demo.MobilityHackathon";
				PRODUCT_NAME = "$(TARGET_NAME)";
				PROVISIONING_PROFILE = "1bb9be69-8d06-44cc-92f2-062167f13352";
				PROVISIONING_PROFILE_SPECIFIER = NIITCoCDistribution;
				SWIFT_VERSION = 4.0;
				TARGETED_DEVICE_FAMILY = "1,2";
			};
			name = Release;
		};
/* End XCBuildConfiguration section */

/* Begin XCConfigurationList section */
		B7F44E31212DD5A300B90F03 /* Build configuration list for PBXProject "NIITMobilityHackathon" */ = {
			isa = XCConfigurationList;
			buildConfigurations = (
				B7F44E46212DD5A500B90F03 /* Debug */,
				B7F44E47212DD5A500B90F03 /* Release */,
			);
			defaultConfigurationIsVisible = 0;
			defaultConfigurationName = Release;
		};
		B7F44E48212DD5A500B90F03 /* Build configuration list for PBXNativeTarget "NIITMobilityHackathon" */ = {
			isa = XCConfigurationList;
			buildConfigurations = (
				B7F44E49212DD5A500B90F03 /* Debug */,
				B7F44E4A212DD5A500B90F03 /* Release */,
			);
			defaultConfigurationIsVisible = 0;
			defaultConfigurationName = Release;
		};
/* End XCConfigurationList section */
	};
	rootObject = B7F44E2E212DD5A300B90F03 /* Project object */;
}
